
Microsoft Visual Studio Solution File, Format Version 12.00
# Visual Studio Version 17
VisualStudioVersion = 17.0.31912.275
MinimumVisualStudioVersion = 10.0.40219.1
Project("{FAE04EC0-301F-11D3-BF4B-00C04F79EFBC}") = "Recepti", "Recepti\Recepti.csproj", "{87E5800A-A1A7-453B-B7BF-269279D6EDD9}"
EndProject
Global
	GlobalSection(SolutionConfigurationPlatforms) = preSolution
		Debug|Any CPU = Debug|Any CPU
		Release|Any CPU = Release|Any CPU
	EndGlobalSection
	GlobalSection(ProjectConfigurationPlatforms) = postSolution
		{87E5800A-A1A7-453B-B7BF-269279D6EDD9}.Debug|Any CPU.ActiveCfg = Debug|Any CPU
		{87E5800A-A1A7-453B-B7BF-269279D6EDD9}.Debug|Any CPU.Build.0 = Debug|Any CPU
		{87E5800A-A1A7-453B-B7BF-269279D6EDD9}.Release|Any CPU.ActiveCfg = Release|Any CPU
		{87E5800A-A1A7-453B-B7BF-269279D6EDD9}.Release|Any CPU.Build.0 = Release|Any CPU
	EndGlobalSection
	GlobalSection(SolutionProperties) = preSolution
		HideSolutionNode = FALSE
	EndGlobalSection
	GlobalSection(ExtensibilityGlobals) = postSolution
		SolutionGuid = {FA4AC543-5D69-4F2A-ABC1-5C0FC72535D8}
	EndGlobalSection
EndGlobal
